
Microsoft Visual Studio Solution File, Format Version 12.00
# Visual Studio Version 17
VisualStudioVersion = 17.7.34221.43
MinimumVisualStudioVersion = 10.0.40219.1
Project("{9A19103F-16F7-4668-BE54-9A1E7A4F7556}") = "pazarcep.entity", "pazarcep.entity\pazarcep.entity.csproj", "{55A7E604-91A8-4AE4-9F0B-A49BFD93BA9A}"
EndProject
Project("{9A19103F-16F7-4668-BE54-9A1E7A4F7556}") = "pazarcep.ui", "pazarcep.ui\pazarcep.ui.csproj", "{F1EB5B82-6766-49EB-B2E5-00C2D38A82FA}"
EndProject
Project("{9A19103F-16F7-4668-BE54-9A1E7A4F7556}") = "pazarcep.dataaccess", "pazarcep.dataaccess\pazarcep.dataaccess.csproj", "{5042FE89-587D-4312-8E44-737F0C43C60D}"
EndProject
Project("{FAE04EC0-301F-11D3-BF4B-00C04F79EFBC}") = "PazarCep.Business", "PazarCep.Business\PazarCep.Business.csproj", "{EF7A679F-B3F9-43AA-9BC0-928097BDABD5}"
EndProject
Global
	GlobalSection(SolutionConfigurationPlatforms) = preSolution
		Debug|Any CPU = Debug|Any CPU
		Release|Any CPU = Release|Any CPU
	EndGlobalSection
	GlobalSection(ProjectConfigurationPlatforms) = postSolution
		{55A7E604-91A8-4AE4-9F0B-A49BFD93BA9A}.Debug|Any CPU.ActiveCfg = Debug|Any CPU
		{55A7E604-91A8-4AE4-9F0B-A49BFD93BA9A}.Debug|Any CPU.Build.0 = Debug|Any CPU
		{55A7E604-91A8-4AE4-9F0B-A49BFD93BA9A}.Release|Any CPU.ActiveCfg = Release|Any CPU
		{55A7E604-91A8-4AE4-9F0B-A49BFD93BA9A}.Release|Any CPU.Build.0 = Release|Any CPU
		{F1EB5B82-6766-49EB-B2E5-00C2D38A82FA}.Debug|Any CPU.ActiveCfg = Debug|Any CPU
		{F1EB5B82-6766-49EB-B2E5-00C2D38A82FA}.Debug|Any CPU.Build.0 = Debug|Any CPU
		{F1EB5B82-6766-49EB-B2E5-00C2D38A82FA}.Release|Any CPU.ActiveCfg = Release|Any CPU
		{F1EB5B82-6766-49EB-B2E5-00C2D38A82FA}.Release|Any CPU.Build.0 = Release|Any CPU
		{5042FE89-587D-4312-8E44-737F0C43C60D}.Debug|Any CPU.ActiveCfg = Debug|Any CPU
		{5042FE89-587D-4312-8E44-737F0C43C60D}.Debug|Any CPU.Build.0 = Debug|Any CPU
		{5042FE89-587D-4312-8E44-737F0C43C60D}.Release|Any CPU.ActiveCfg = Release|Any CPU
		{5042FE89-587D-4312-8E44-737F0C43C60D}.Release|Any CPU.Build.0 = Release|Any CPU
		{EF7A679F-B3F9-43AA-9BC0-928097BDABD5}.Debug|Any CPU.ActiveCfg = Debug|Any CPU
		{EF7A679F-B3F9-43AA-9BC0-928097BDABD5}.Debug|Any CPU.Build.0 = Debug|Any CPU
		{EF7A679F-B3F9-43AA-9BC0-928097BDABD5}.Release|Any CPU.ActiveCfg = Release|Any CPU
		{EF7A679F-B3F9-43AA-9BC0-928097BDABD5}.Release|Any CPU.Build.0 = Release|Any CPU
	EndGlobalSection
	GlobalSection(SolutionProperties) = preSolution
		HideSolutionNode = FALSE
	EndGlobalSection
	GlobalSection(ExtensibilityGlobals) = postSolution
		SolutionGuid = {D153BA38-774D-4CCD-8CC5-8E50E0FC38E2}
	EndGlobalSection
EndGlobal
